
Microsoft Visual Studio Solution File, Format Version 12.00
# Visual Studio 15
VisualStudioVersion = 15.0.26124.0
MinimumVisualStudioVersion = 15.0.26124.0
Project("{2150E333-8FDC-42A3-9474-1A3956D46DE8}") = "src", "src", "{7B9F2467-7921-490A-898D-A767255CBB69}"
EndProject
Project("{FAE04EC0-301F-11D3-BF4B-00C04F79EFBC}") = "TesteT2S.WebApi", "src\TesteT2S.WebApi\TesteT2S.WebApi.csproj", "{993557E8-56BA-4E06-9735-2F3E2224C07A}"
EndProject
Global
	GlobalSection(SolutionConfigurationPlatforms) = preSolution
		Debug|Any CPU = Debug|Any CPU
		Debug|x64 = Debug|x64
		Debug|x86 = Debug|x86
		Release|Any CPU = Release|Any CPU
		Release|x64 = Release|x64
		Release|x86 = Release|x86
	EndGlobalSection
	GlobalSection(SolutionProperties) = preSolution
		HideSolutionNode = FALSE
	EndGlobalSection
	GlobalSection(ProjectConfigurationPlatforms) = postSolution
		{993557E8-56BA-4E06-9735-2F3E2224C07A}.Debug|Any CPU.ActiveCfg = Debug|Any CPU
		{993557E8-56BA-4E06-9735-2F3E2224C07A}.Debug|Any CPU.Build.0 = Debug|Any CPU
		{993557E8-56BA-4E06-9735-2F3E2224C07A}.Debug|x64.ActiveCfg = Debug|Any CPU
		{993557E8-56BA-4E06-9735-2F3E2224C07A}.Debug|x64.Build.0 = Debug|Any CPU
		{993557E8-56BA-4E06-9735-2F3E2224C07A}.Debug|x86.ActiveCfg = Debug|Any CPU
		{993557E8-56BA-4E06-9735-2F3E2224C07A}.Debug|x86.Build.0 = Debug|Any CPU
		{993557E8-56BA-4E06-9735-2F3E2224C07A}.Release|Any CPU.ActiveCfg = Release|Any CPU
		{993557E8-56BA-4E06-9735-2F3E2224C07A}.Release|Any CPU.Build.0 = Release|Any CPU
		{993557E8-56BA-4E06-9735-2F3E2224C07A}.Release|x64.ActiveCfg = Release|Any CPU
		{993557E8-56BA-4E06-9735-2F3E2224C07A}.Release|x64.Build.0 = Release|Any CPU
		{993557E8-56BA-4E06-9735-2F3E2224C07A}.Release|x86.ActiveCfg = Release|Any CPU
		{993557E8-56BA-4E06-9735-2F3E2224C07A}.Release|x86.Build.0 = Release|Any CPU
	EndGlobalSection
	GlobalSection(NestedProjects) = preSolution
		{993557E8-56BA-4E06-9735-2F3E2224C07A} = {7B9F2467-7921-490A-898D-A767255CBB69}
	EndGlobalSection
EndGlobal
